
Microsoft Visual Studio Solution File, Format Version 12.00
# Visual Studio Version 16
VisualStudioVersion = 16.0.29324.140
MinimumVisualStudioVersion = 10.0.40219.1
Project("{FAE04EC0-301F-11D3-BF4B-00C04F79EFBC}") = "Books", "Books\Books.csproj", "{659A40AA-AABB-4172-A0AC-3E07B1230D5C}"
EndProject
Global
	GlobalSection(SolutionConfigurationPlatforms) = preSolution
		Debug|Any CPU = Debug|Any CPU
		Release|Any CPU = Release|Any CPU
	EndGlobalSection
	GlobalSection(ProjectConfigurationPlatforms) = postSolution
		{659A40AA-AABB-4172-A0AC-3E07B1230D5C}.Debug|Any CPU.ActiveCfg = Debug|Any CPU
		{659A40AA-AABB-4172-A0AC-3E07B1230D5C}.Debug|Any CPU.Build.0 = Debug|Any CPU
		{659A40AA-AABB-4172-A0AC-3E07B1230D5C}.Release|Any CPU.ActiveCfg = Release|Any CPU
		{659A40AA-AABB-4172-A0AC-3E07B1230D5C}.Release|Any CPU.Build.0 = Release|Any CPU
	EndGlobalSection
	GlobalSection(SolutionProperties) = preSolution
		HideSolutionNode = FALSE
	EndGlobalSection
	GlobalSection(ExtensibilityGlobals) = postSolution
		SolutionGuid = {6D4B7F34-64A8-434B-94F9-EAAAE8588780}
	EndGlobalSection
EndGlobal
